github.com/tedla-brandsema/tagex v0.0.0-20250611065243-a5f0f26baed5 h1:qINV3afWAwAT32QrfmAw11AnJMOZrrQsh22FU6RzAKo=
github.com/tedla-brandsema/tagex v0.0.0-20250611065243-a5f0f26baed5/go.mod h1:zkyy8Dk9wGawVUvgLtl+/70D2Vye0ydT1EYmxdkSrhw=
github.com/tedla-brandsema/tagex v0.0.0-20250611071359-06350b6feed3 h1:u+2mGuyrF9NxpDiB28r4wvaUdpmexFKpcQqp1RQ4D60=
github.com/tedla-brandsema/tagex v0.0.0-20250611071359-06350b6feed3/go.mod h1:zkyy8Dk9wGawVUvgLtl+/70D2Vye0ydT1EYmxdkSrhw=
